
Microsoft Visual Studio Solution File, Format Version 12.00
# Visual Studio Version 17
VisualStudioVersion = 17.0.31903.59
MinimumVisualStudioVersion = 10.0.40219.1
Project("{FAE04EC0-301F-11D3-BF4B-00C04F79EFBC}") = "HyperVNetworkSwitcher", "HyperVNetworkSwitcher.csproj", "{B61B8EFF-4CB3-4F49-803D-4AC36DCB59BD}"
EndProject
Project("{2150E333-8FDC-42A3-9474-1A3956D46DE8}") = "Tests", "Tests", "{0AB3BF05-4346-4AA6-1389-037BE0695223}"
EndProject
Project("{FAE04EC0-301F-11D3-BF4B-00C04F79EFBC}") = "HyperVNetworkSwitcher.Tests", "Tests\HyperVNetworkSwitcher.Tests.csproj", "{1447AC44-9263-4CFF-8462-B2819DC6D159}"
EndProject
Global
	GlobalSection(SolutionConfigurationPlatforms) = preSolution
		Debug|Any CPU = Debug|Any CPU
		Debug|x64 = Debug|x64
		Debug|x86 = Debug|x86
		Release|Any CPU = Release|Any CPU
		Release|x64 = Release|x64
		Release|x86 = Release|x86
	EndGlobalSection
	GlobalSection(ProjectConfigurationPlatforms) = postSolution
		{B61B8EFF-4CB3-4F49-803D-4AC36DCB59BD}.Debug|Any CPU.ActiveCfg = Debug|x64
		{B61B8EFF-4CB3-4F49-803D-4AC36DCB59BD}.Debug|Any CPU.Build.0 = Debug|x64
		{B61B8EFF-4CB3-4F49-803D-4AC36DCB59BD}.Debug|x64.ActiveCfg = Debug|x64
		{B61B8EFF-4CB3-4F49-803D-4AC36DCB59BD}.Debug|x64.Build.0 = Debug|x64
		{B61B8EFF-4CB3-4F49-803D-4AC36DCB59BD}.Debug|x86.ActiveCfg = Debug|x64
		{B61B8EFF-4CB3-4F49-803D-4AC36DCB59BD}.Debug|x86.Build.0 = Debug|x64
		{B61B8EFF-4CB3-4F49-803D-4AC36DCB59BD}.Release|Any CPU.ActiveCfg = Release|x64
		{B61B8EFF-4CB3-4F49-803D-4AC36DCB59BD}.Release|Any CPU.Build.0 = Release|x64
		{B61B8EFF-4CB3-4F49-803D-4AC36DCB59BD}.Release|x64.ActiveCfg = Release|x64
		{B61B8EFF-4CB3-4F49-803D-4AC36DCB59BD}.Release|x64.Build.0 = Release|x64
		{B61B8EFF-4CB3-4F49-803D-4AC36DCB59BD}.Release|x86.ActiveCfg = Release|x64
		{B61B8EFF-4CB3-4F49-803D-4AC36DCB59BD}.Release|x86.Build.0 = Release|x64
		{1447AC44-9263-4CFF-8462-B2819DC6D159}.Debug|Any CPU.ActiveCfg = Debug|Any CPU
		{1447AC44-9263-4CFF-8462-B2819DC6D159}.Debug|Any CPU.Build.0 = Debug|Any CPU
		{1447AC44-9263-4CFF-8462-B2819DC6D159}.Debug|x64.ActiveCfg = Debug|Any CPU
		{1447AC44-9263-4CFF-8462-B2819DC6D159}.Debug|x64.Build.0 = Debug|Any CPU
		{1447AC44-9263-4CFF-8462-B2819DC6D159}.Debug|x86.ActiveCfg = Debug|Any CPU
		{1447AC44-9263-4CFF-8462-B2819DC6D159}.Debug|x86.Build.0 = Debug|Any CPU
		{1447AC44-9263-4CFF-8462-B2819DC6D159}.Release|Any CPU.ActiveCfg = Release|Any CPU
		{1447AC44-9263-4CFF-8462-B2819DC6D159}.Release|Any CPU.Build.0 = Release|Any CPU
		{1447AC44-9263-4CFF-8462-B2819DC6D159}.Release|x64.ActiveCfg = Release|Any CPU
		{1447AC44-9263-4CFF-8462-B2819DC6D159}.Release|x64.Build.0 = Release|Any CPU
		{1447AC44-9263-4CFF-8462-B2819DC6D159}.Release|x86.ActiveCfg = Release|Any CPU
		{1447AC44-9263-4CFF-8462-B2819DC6D159}.Release|x86.Build.0 = Release|Any CPU
	EndGlobalSection
	GlobalSection(SolutionProperties) = preSolution
		HideSolutionNode = FALSE
	EndGlobalSection
	GlobalSection(NestedProjects) = preSolution
		{1447AC44-9263-4CFF-8462-B2819DC6D159} = {0AB3BF05-4346-4AA6-1389-037BE0695223}
	EndGlobalSection
EndGlobal
